
Microsoft Visual Studio Solution File, Format Version 12.00
# Visual Studio Version 16
VisualStudioVersion = 16.0.30503.244
MinimumVisualStudioVersion = 10.0.40219.1
Project("{FAE04EC0-301F-11D3-BF4B-00C04F79EFBC}") = "RMCAPI", "WebApplication1\RMCAPI.csproj", "{CFD21017-A079-4A1E-95E5-8E12B991EE4C}"
EndProject
Global
	GlobalSection(SolutionConfigurationPlatforms) = preSolution
		Debug|Any CPU = Debug|Any CPU
		Release|Any CPU = Release|Any CPU
	EndGlobalSection
	GlobalSection(ProjectConfigurationPlatforms) = postSolution
		{CFD21017-A079-4A1E-95E5-8E12B991EE4C}.Debug|Any CPU.ActiveCfg = Debug|Any CPU
		{CFD21017-A079-4A1E-95E5-8E12B991EE4C}.Debug|Any CPU.Build.0 = Debug|Any CPU
		{CFD21017-A079-4A1E-95E5-8E12B991EE4C}.Release|Any CPU.ActiveCfg = Release|Any CPU
		{CFD21017-A079-4A1E-95E5-8E12B991EE4C}.Release|Any CPU.Build.0 = Release|Any CPU
	EndGlobalSection
	GlobalSection(SolutionProperties) = preSolution
		HideSolutionNode = FALSE
	EndGlobalSection
	GlobalSection(ExtensibilityGlobals) = postSolution
		SolutionGuid = {93E1F2DE-6BA3-4E5A-AD0D-09BD8A2AB394}
	EndGlobalSection
EndGlobal
